# Generated by pub
# See https://dart.dev/tools/pub/glossary#lockfile
packages:
  archive:
    dependency: transitive
    description:
      name: archive
      sha256: "0c8368c9b3f0abbc193b9d6133649a614204b528982bebc7026372d61677ce3a"
      url: "https://pub.dev"
    source: hosted
    version: "3.3.7"
  args:
    dependency: "direct main"
    description:
      name: args
      sha256: eef6c46b622e0494a36c5a12d10d77fb4e855501a91c1b9ef9339326e58f0596
      url: "https://pub.dev"
    source: hosted
    version: "2.4.2"
  async:
    dependency: transitive
    description:
      name: async
      sha256: "947bfcf187f74dbc5e146c9eb9c0f10c9f8b30743e341481c1e2ed3ecc18c20c"
      url: "https://pub.dev"
    source: hosted
    version: "2.11.0"
  blake_hash:
    dependency: transitive
    description:
      name: blake_hash
      sha256: "4461958302239f66ea1f7f36155f489bd8de5b3f6ee383f7aa6af0d06e176739"
      url: "https://pub.dev"
    source: hosted
    version: "1.0.2"
  boolean_selector:
    dependency: transitive
    description:
      name: boolean_selector
      sha256: "6cfb5af12253eaf2b368f07bacc5a80d1301a071c73360d746b7f2e32d762c66"
      url: "https://pub.dev"
    source: hosted
    version: "2.1.1"
  characters:
    dependency: transitive
    description:
      name: characters
      sha256: "04a925763edad70e8443c99234dc3328f442e811f1d8fd1a72f1c8ad0f69a605"
      url: "https://pub.dev"
    source: hosted
    version: "1.3.0"
  checked_yaml:
    dependency: transitive
    description:
      name: checked_yaml
      sha256: feb6bed21949061731a7a75fc5d2aa727cf160b91af9a3e464c5e3a32e28b5ff
      url: "https://pub.dev"
    source: hosted
    version: "2.0.3"
  cli_util:
    dependency: transitive
    description:
      name: cli_util
      sha256: b8db3080e59b2503ca9e7922c3df2072cf13992354d5e944074ffa836fba43b7
      url: "https://pub.dev"
    source: hosted
    version: "0.4.0"
  clock:
    dependency: transitive
    description:
      name: clock
      sha256: cb6d7f03e1de671e34607e909a7213e31d7752be4fb66a86d29fe1eb14bfb5cf
      url: "https://pub.dev"
    source: hosted
    version: "1.1.1"
  collection:
    dependency: "direct main"
    description:
      name: collection
      sha256: ee67cb0715911d28db6bf4af1026078bd6f0128b07a5f66fb2ed94ec6783c09a
      url: "https://pub.dev"
    source: hosted
    version: "1.18.0"
  console:
    dependency: transitive
    description:
      name: console
      sha256: e04e7824384c5b39389acdd6dc7d33f3efe6b232f6f16d7626f194f6a01ad69a
      url: "https://pub.dev"
    source: hosted
    version: "4.1.0"
  convert:
    dependency: transitive
    description:
      name: convert
      sha256: "0f08b14755d163f6e2134cb58222dd25ea2a2ee8a195e53983d57c075324d592"
      url: "https://pub.dev"
    source: hosted
    version: "3.1.1"
  cross_file:
    dependency: transitive
    description:
      name: cross_file
      sha256: "55d7b444feb71301ef6b8838dbc1ae02e63dd48c8773f3810ff53bb1e2945b32"
      url: "https://pub.dev"
    source: hosted
    version: "0.3.4+1"
  crypto:
    dependency: "direct main"
    description:
      name: crypto
      sha256: ff625774173754681d66daaf4a448684fb04b78f902da9cb3d308c19cc5e8bab
      url: "https://pub.dev"
    source: hosted
    version: "3.0.3"
  csslib:
    dependency: transitive
    description:
      name: csslib
      sha256: "706b5707578e0c1b4b7550f64078f0a0f19dec3f50a178ffae7006b0a9ca58fb"
      url: "https://pub.dev"
    source: hosted
    version: "1.0.0"
  cupertino_icons:
    dependency: "direct main"
    description:
      name: cupertino_icons
      sha256: e35129dc44c9118cee2a5603506d823bab99c68393879edb440e0090d07586be
      url: "https://pub.dev"
    source: hosted
    version: "1.0.5"
  dbus:
    dependency: transitive
    description:
      name: dbus
      sha256: "365c771ac3b0e58845f39ec6deebc76e3276aa9922b0cc60840712094d9047ac"
      url: "https://pub.dev"
    source: hosted
    version: "0.7.10"
  dropdown_button2:
    dependency: "direct main"
    description:
      name: dropdown_button2
      sha256: b0fe8d49a030315e9eef6c7ac84ca964250155a6224d491c1365061bc974a9e1
      url: "https://pub.dev"
    source: hosted
    version: "2.3.9"
  duration:
    dependency: "direct main"
    description:
      name: duration
      sha256: "0548a12d235dab185c677ef660995f23fdc06a02a2b984aa23805f6a03d82815"
      url: "https://pub.dev"
    source: hosted
    version: "3.0.13"
  fake_async:
    dependency: transitive
    description:
      name: fake_async
      sha256: "511392330127add0b769b75a987850d136345d9227c6b94c96a04cf4a391bf78"
      url: "https://pub.dev"
    source: hosted
    version: "1.3.1"
  ffi:
    dependency: transitive
    description:
      name: ffi
      sha256: "493f37e7df1804778ff3a53bd691d8692ddf69702cf4c1c1096a2e41b4779e21"
      url: "https://pub.dev"
    source: hosted
    version: "2.1.2"
  file:
    dependency: transitive
    description:
      name: file
      sha256: "1b92bec4fc2a72f59a8e15af5f52cd441e4a7860b49499d69dfa817af20e925d"
      url: "https://pub.dev"
    source: hosted
    version: "6.1.4"
  file_icon:
    dependency: "direct main"
    description:
      name: file_icon
      sha256: c46b6c24d9595d18995758b90722865baeda407f56308eadd757e1ab913f50a1
      url: "https://pub.dev"
    source: hosted
    version: "1.0.0"
  file_picker:
    dependency: "direct main"
    description:
      name: file_picker
      sha256: "4e42aacde3b993c5947467ab640882c56947d9d27342a5b6f2895b23956954a6"
      url: "https://pub.dev"
    source: hosted
    version: "6.1.1"
  file_selector_linux:
    dependency: transitive
    description:
      name: file_selector_linux
      sha256: "045d372bf19b02aeb69cacf8b4009555fb5f6f0b7ad8016e5f46dd1387ddd492"
      url: "https://pub.dev"
    source: hosted
    version: "0.9.2+1"
  file_selector_macos:
    dependency: transitive
    description:
      name: file_selector_macos
      sha256: b15c3da8bd4908b9918111fa486903f5808e388b8d1c559949f584725a6594d6
      url: "https://pub.dev"
    source: hosted
    version: "0.9.3+3"
  file_selector_platform_interface:
    dependency: transitive
    description:
      name: file_selector_platform_interface
      sha256: "0aa47a725c346825a2bd396343ce63ac00bda6eff2fbc43eabe99737dede8262"
      url: "https://pub.dev"
    source: hosted
    version: "2.6.1"
  file_selector_windows:
    dependency: transitive
    description:
      name: file_selector_windows
      sha256: d3547240c20cabf205c7c7f01a50ecdbc413755814d6677f3cb366f04abcead0
      url: "https://pub.dev"
    source: hosted
    version: "0.9.3+1"
  fixnum:
    dependency: transitive
    description:
      name: fixnum
      sha256: "25517a4deb0c03aa0f32fd12db525856438902d9c16536311e76cdc57b31d7d1"
      url: "https://pub.dev"
    source: hosted
    version: "1.1.0"
  flutter:
    dependency: "direct main"
    description: flutter
    source: sdk
    version: "0.0.0"
  flutter_launcher_icons:
    dependency: "direct dev"
    description:
      name: flutter_launcher_icons
      sha256: "526faf84284b86a4cb36d20a5e45147747b7563d921373d4ee0559c54fcdbcea"
      url: "https://pub.dev"
    source: hosted
    version: "0.13.1"
  flutter_lints:
    dependency: "direct dev"
    description:
      name: flutter_lints
      sha256: "2118df84ef0c3ca93f96123a616ae8540879991b8b57af2f81b76a7ada49b2a4"
      url: "https://pub.dev"
    source: hosted
    version: "2.0.2"
  flutter_local_notifications:
    dependency: "direct main"
    description:
      name: flutter_local_notifications
      sha256: bb5cd63ff7c91d6efe452e41d0d0ae6348925c82eafd10ce170ef585ea04776e
      url: "https://pub.dev"
    source: hosted
    version: "16.2.0"
  flutter_local_notifications_linux:
    dependency: transitive
    description:
      name: flutter_local_notifications_linux
      sha256: "33f741ef47b5f63cc7f78fe75eeeac7e19f171ff3c3df054d84c1e38bedb6a03"
      url: "https://pub.dev"
    source: hosted
    version: "4.0.0+1"
  flutter_local_notifications_platform_interface:
    dependency: transitive
    description:
      name: flutter_local_notifications_platform_interface
      sha256: "7cf643d6d5022f3baed0be777b0662cce5919c0a7b86e700299f22dc4ae660ef"
      url: "https://pub.dev"
    source: hosted
    version: "7.0.0+1"
  flutter_markdown:
    dependency: "direct main"
    description:
      path: "packages/flutter_markdown"
      ref: main
      resolved-ref: b98386c14fef19537a8b45a232c6b04c8cf49acd
      url: "https://github.com/tiagoalvesdulce/packages"
    source: git
    version: "0.6.14+1"
  flutter_plugin_android_lifecycle:
    dependency: transitive
    description:
      name: flutter_plugin_android_lifecycle
      sha256: "950e77c2bbe1692bc0874fc7fb491b96a4dc340457f4ea1641443d0a6c1ea360"
      url: "https://pub.dev"
    source: hosted
    version: "2.0.15"
  flutter_svg:
    dependency: "direct main"
    description:
      name: flutter_svg
      sha256: "8c5d68a82add3ca76d792f058b186a0599414f279f00ece4830b9b231b570338"
      url: "https://pub.dev"
    source: hosted
    version: "2.0.7"
  flutter_test:
    dependency: "direct dev"
    description: flutter
    source: sdk
    version: "0.0.0"
  flutter_web_plugins:
    dependency: transitive
    description: flutter
    source: sdk
    version: "0.0.0"
  get_it:
    dependency: transitive
    description:
      name: get_it
      sha256: "529de303c739fca98cd7ece5fca500d8ff89649f1bb4b4e94fb20954abcd7468"
      url: "https://pub.dev"
    source: hosted
    version: "7.6.0"
  golib_plugin:
    dependency: "direct main"
    description:
      path: "../plugin"
      relative: true
    source: path
    version: "0.0.1"
  html:
    dependency: transitive
    description:
      name: html
      sha256: "3a7812d5bcd2894edf53dfaf8cd640876cf6cef50a8f238745c8b8120ea74d3a"
      url: "https://pub.dev"
    source: hosted
    version: "0.15.4"
  http:
    dependency: transitive
    description:
      name: http
      sha256: "761a297c042deedc1ffbb156d6e2af13886bb305c2a343a4d972504cd67dd938"
      url: "https://pub.dev"
    source: hosted
    version: "1.2.1"
  http_parser:
    dependency: transitive
    description:
      name: http_parser
      sha256: "2aa08ce0341cc9b354a498388e30986515406668dbcc4f7c950c3e715496693b"
      url: "https://pub.dev"
    source: hosted
    version: "4.0.2"
  image:
    dependency: transitive
    description:
      name: image
      sha256: a72242c9a0ffb65d03de1b7113bc4e189686fc07c7147b8b41811d0dd0e0d9bf
      url: "https://pub.dev"
    source: hosted
    version: "4.0.17"
  image_picker:
    dependency: "direct main"
    description:
      name: image_picker
      sha256: "26222b01a0c9a2c8fe02fc90b8208bd3325da5ed1f4a2acabf75939031ac0bdd"
      url: "https://pub.dev"
    source: hosted
    version: "1.0.7"
  image_picker_android:
    dependency: transitive
    description:
      name: image_picker_android
      sha256: "39f2bfe497e495450c81abcd44b62f56c2a36a37a175da7d137b4454977b51b1"
      url: "https://pub.dev"
    source: hosted
    version: "0.8.9+3"
  image_picker_for_web:
    dependency: transitive
    description:
      name: image_picker_for_web
      sha256: e2423c53a68b579a7c37a1eda967b8ae536c3d98518e5db95ca1fe5719a730a3
      url: "https://pub.dev"
    source: hosted
    version: "3.0.2"
  image_picker_ios:
    dependency: transitive
    description:
      name: image_picker_ios
      sha256: "917a5cadd67d052554cfb258595e54217de53fac5b52939426e26319a02e6297"
      url: "https://pub.dev"
    source: hosted
    version: "0.8.9+2"
  image_picker_linux:
    dependency: transitive
    description:
      name: image_picker_linux
      sha256: "4ed1d9bb36f7cd60aa6e6cd479779cc56a4cb4e4de8f49d487b1aaad831300fa"
      url: "https://pub.dev"
    source: hosted
    version: "0.2.1+1"
  image_picker_macos:
    dependency: transitive
    description:
      name: image_picker_macos
      sha256: "3f5ad1e8112a9a6111c46d0b57a7be2286a9a07fc6e1976fdf5be2bd31d4ff62"
      url: "https://pub.dev"
    source: hosted
    version: "0.2.1+1"
  image_picker_platform_interface:
    dependency: "direct main"
    description:
      name: image_picker_platform_interface
      sha256: "0e827c156e3a90edd3bbe7f6de048b39247b16e58173b08a835b7eb00aba239e"
      url: "https://pub.dev"
    source: hosted
    version: "2.9.2"
  image_picker_windows:
    dependency: transitive
    description:
      name: image_picker_windows
      sha256: "6ad07afc4eb1bc25f3a01084d28520496c4a3bb0cb13685435838167c9dcedeb"
      url: "https://pub.dev"
    source: hosted
    version: "0.2.1+1"
  ini:
    dependency: "direct main"
    description:
      name: ini
      sha256: "12a76c53591ffdf86d1265be3f986888a6dfeb34a85957774bc65912d989a173"
      url: "https://pub.dev"
    source: hosted
    version: "2.1.0"
  intl:
    dependency: "direct main"
    description:
      name: intl
      sha256: "3bc132a9dbce73a7e4a21a17d06e1878839ffbf975568bc875c60537824b0c4d"
      url: "https://pub.dev"
    source: hosted
    version: "0.18.1"
  io:
    dependency: "direct main"
    description:
      name: io
      sha256: "2ec25704aba361659e10e3e5f5d672068d332fc8ac516421d483a11e5cbd061e"
      url: "https://pub.dev"
    source: hosted
    version: "1.0.4"
  js:
    dependency: transitive
    description:
      name: js
      sha256: f2c445dce49627136094980615a031419f7f3eb393237e4ecd97ac15dea343f3
      url: "https://pub.dev"
    source: hosted
    version: "0.6.7"
  json_annotation:
    dependency: transitive
    description:
      name: json_annotation
      sha256: b10a7b2ff83d83c777edba3c6a0f97045ddadd56c944e1a23a3fdf43a1bf4467
      url: "https://pub.dev"
    source: hosted
    version: "4.8.1"
  json_rpc_2:
    dependency: transitive
    description:
      name: json_rpc_2
      sha256: "5e469bffa23899edacb7b22787780068d650b106a21c76db3c49218ab7ca447e"
      url: "https://pub.dev"
    source: hosted
    version: "3.0.2"
  leak_tracker:
    dependency: transitive
    description:
      name: leak_tracker
      sha256: "7f0df31977cb2c0b88585095d168e689669a2cc9b97c309665e3386f3e9d341a"
      url: "https://pub.dev"
    source: hosted
    version: "10.0.4"
  leak_tracker_flutter_testing:
    dependency: transitive
    description:
      name: leak_tracker_flutter_testing
      sha256: "06e98f569d004c1315b991ded39924b21af84cf14cc94791b8aea337d25b57f8"
      url: "https://pub.dev"
    source: hosted
    version: "3.0.3"
  leak_tracker_testing:
    dependency: transitive
    description:
      name: leak_tracker_testing
      sha256: "6ba465d5d76e67ddf503e1161d1f4a6bc42306f9d66ca1e8f079a47290fb06d3"
      url: "https://pub.dev"
    source: hosted
    version: "3.0.1"
  lints:
    dependency: transitive
    description:
      name: lints
      sha256: "0a217c6c989d21039f1498c3ed9f3ed71b354e69873f13a8dfc3c9fe76f1b452"
      url: "https://pub.dev"
    source: hosted
    version: "2.1.1"
  loading_animation_widget:
    dependency: "direct main"
    description:
      name: loading_animation_widget
      sha256: "1901682600273a966c34cf44a85fc5355da92a8d08a8a43c11adc4e471993e3a"
      url: "https://pub.dev"
    source: hosted
    version: "1.2.0+4"
  markdown:
    dependency: "direct main"
    description:
      name: markdown
      sha256: acf35edccc0463a9d7384e437c015a3535772e09714cf60e07eeef3a15870dcd
      url: "https://pub.dev"
    source: hosted
    version: "7.1.1"
  matcher:
    dependency: transitive
    description:
      name: matcher
      sha256: d2323aa2060500f906aa31a895b4030b6da3ebdcc5619d14ce1aada65cd161cb
      url: "https://pub.dev"
    source: hosted
    version: "0.12.16+1"
  material_color_utilities:
    dependency: transitive
    description:
      name: material_color_utilities
      sha256: "0e0a020085b65b6083975e499759762399b4475f766c21668c4ecca34ea74e5a"
      url: "https://pub.dev"
    source: hosted
    version: "0.8.0"
  meta:
    dependency: transitive
    description:
      name: meta
      sha256: "7687075e408b093f36e6bbf6c91878cc0d4cd10f409506f7bc996f68220b9136"
      url: "https://pub.dev"
    source: hosted
    version: "1.12.0"
  mime:
    dependency: "direct main"
    description:
      name: mime
      sha256: "2e123074287cc9fd6c09de8336dae606d1ddb88d9ac47358826db698c176a1f2"
      url: "https://pub.dev"
    source: hosted
    version: "1.0.5"
  mobile_scanner:
    dependency: "direct main"
    description:
      name: mobile_scanner
      sha256: b8c0e9afcfd52534f85ec666f3d52156f560b5e6c25b1e3d4fe2087763607926
      url: "https://pub.dev"
    source: hosted
    version: "5.1.1"
  msix:
    dependency: "direct main"
    description:
      name: msix
      sha256: "76c87b8207323803169626a55afd78bbb8413c984df349a76598b9fbf9224677"
      url: "https://pub.dev"
    source: hosted
    version: "3.16.1"
  nested:
    dependency: transitive
    description:
      name: nested
      sha256: "03bac4c528c64c95c722ec99280375a6f2fc708eec17c7b3f07253b626cd2a20"
      url: "https://pub.dev"
    source: hosted
    version: "1.0.0"
  open_filex:
    dependency: "direct main"
    description:
      name: open_filex
      sha256: "74e2280754cf8161e860746c3181db2c996d6c1909c7057b738ede4a469816b8"
      url: "https://pub.dev"
    source: hosted
    version: "4.4.0"
  optimize_battery:
    dependency: "direct main"
    description:
      name: optimize_battery
      sha256: "4f0f974addbe54d3a705c1da5bf3a4bdae39502b1b2d2a17f9da1e558a34a4f8"
      url: "https://pub.dev"
    source: hosted
    version: "0.0.4"
  package_config:
    dependency: transitive
    description:
      name: package_config
      sha256: "1c5b77ccc91e4823a5af61ee74e6b972db1ef98c2ff5a18d3161c982a55448bd"
      url: "https://pub.dev"
    source: hosted
    version: "2.1.0"
  package_info_plus:
    dependency: "direct main"
    description:
      name: package_info_plus
      sha256: "6ff267fcd9d48cb61c8df74a82680e8b82e940231bb5f68356672fde0397334a"
      url: "https://pub.dev"
    source: hosted
    version: "4.1.0"
  package_info_plus_platform_interface:
    dependency: transitive
    description:
      name: package_info_plus_platform_interface
      sha256: "9bc8ba46813a4cc42c66ab781470711781940780fd8beddd0c3da62506d3a6c6"
      url: "https://pub.dev"
    source: hosted
    version: "2.0.1"
  path:
    dependency: "direct main"
    description:
      name: path
      sha256: "087ce49c3f0dc39180befefc60fdb4acd8f8620e5682fe2476afd0b3688bb4af"
      url: "https://pub.dev"
    source: hosted
    version: "1.9.0"
  path_drawing:
    dependency: "direct main"
    description:
      name: path_drawing
      sha256: bbb1934c0cbb03091af082a6389ca2080345291ef07a5fa6d6e078ba8682f977
      url: "https://pub.dev"
    source: hosted
    version: "1.0.1"
  path_parsing:
    dependency: transitive
    description:
      name: path_parsing
      sha256: e3e67b1629e6f7e8100b367d3db6ba6af4b1f0bb80f64db18ef1fbabd2fa9ccf
      url: "https://pub.dev"
    source: hosted
    version: "1.0.1"
  path_provider:
    dependency: "direct main"
    description:
      name: path_provider
      sha256: b27217933eeeba8ff24845c34003b003b2b22151de3c908d0e679e8fe1aa078b
      url: "https://pub.dev"
    source: hosted
    version: "2.1.2"
  path_provider_android:
    dependency: transitive
    description:
      name: path_provider_android
      sha256: "5d44fc3314d969b84816b569070d7ace0f1dea04bd94a83f74c4829615d22ad8"
      url: "https://pub.dev"
    source: hosted
    version: "2.1.0"
  path_provider_foundation:
    dependency: transitive
    description:
      name: path_provider_foundation
      sha256: "1b744d3d774e5a879bb76d6cd1ecee2ba2c6960c03b1020cd35212f6aa267ac5"
      url: "https://pub.dev"
    source: hosted
    version: "2.3.0"
  path_provider_linux:
    dependency: transitive
    description:
      name: path_provider_linux
      sha256: ba2b77f0c52a33db09fc8caf85b12df691bf28d983e84cf87ff6d693cfa007b3
      url: "https://pub.dev"
    source: hosted
    version: "2.2.0"
  path_provider_platform_interface:
    dependency: transitive
    description:
      name: path_provider_platform_interface
      sha256: bced5679c7df11190e1ddc35f3222c858f328fff85c3942e46e7f5589bf9eb84
      url: "https://pub.dev"
    source: hosted
    version: "2.1.0"
  path_provider_windows:
    dependency: transitive
    description:
      name: path_provider_windows
      sha256: ee0e0d164516b90ae1f970bdf29f726f1aa730d7cfc449ecc74c495378b705da
      url: "https://pub.dev"
    source: hosted
    version: "2.2.0"
  pdfrx:
    dependency: "direct main"
    description:
      name: pdfrx
      sha256: "8ffbc116ae6f061b7f6348a4aefe63126efed3e6bce1cc3b9e6b72943861e22b"
      url: "https://pub.dev"
    source: hosted
    version: "1.0.55"
  permission_handler:
    dependency: "direct main"
    description:
      name: permission_handler
      sha256: bc56bfe9d3f44c3c612d8d393bd9b174eb796d706759f9b495ac254e4294baa5
      url: "https://pub.dev"
    source: hosted
    version: "10.4.5"
  permission_handler_android:
    dependency: transitive
    description:
      name: permission_handler_android
      sha256: "59c6322171c29df93a22d150ad95f3aa19ed86542eaec409ab2691b8f35f9a47"
      url: "https://pub.dev"
    source: hosted
    version: "10.3.6"
  permission_handler_apple:
    dependency: transitive
    description:
      name: permission_handler_apple
      sha256: "99e220bce3f8877c78e4ace901082fb29fa1b4ebde529ad0932d8d664b34f3f5"
      url: "https://pub.dev"
    source: hosted
    version: "9.1.4"
  permission_handler_platform_interface:
    dependency: transitive
    description:
      name: permission_handler_platform_interface
      sha256: "6760eb5ef34589224771010805bea6054ad28453906936f843a8cc4d3a55c4a4"
      url: "https://pub.dev"
    source: hosted
    version: "3.12.0"
  permission_handler_windows:
    dependency: transitive
    description:
      name: permission_handler_windows
      sha256: cc074aace208760f1eee6aa4fae766b45d947df85bc831cde77009cdb4720098
      url: "https://pub.dev"
    source: hosted
    version: "0.1.3"
  petitparser:
    dependency: transitive
    description:
      name: petitparser
      sha256: cb3798bef7fc021ac45b308f4b51208a152792445cce0448c9a4ba5879dd8750
      url: "https://pub.dev"
    source: hosted
    version: "5.4.0"
  platform:
    dependency: transitive
    description:
      name: platform
      sha256: "57c07bf82207aee366dfaa3867b3164e4f03a238a461a11b0e8a3a510d51203d"
      url: "https://pub.dev"
    source: hosted
    version: "3.1.1"
  plugin_platform_interface:
    dependency: transitive
    description:
      name: plugin_platform_interface
      sha256: "4820fbfdb9478b1ebae27888254d445073732dae3d6ea81f0b7e06d5dedc3f02"
      url: "https://pub.dev"
    source: hosted
    version: "2.1.8"
  pointycastle:
    dependency: transitive
    description:
      name: pointycastle
      sha256: "7c1e5f0d23c9016c5bbd8b1473d0d3fb3fc851b876046039509e18e0c7485f2c"
      url: "https://pub.dev"
    source: hosted
    version: "3.7.3"
  provider:
    dependency: "direct main"
    description:
      name: provider
      sha256: cdbe7530b12ecd9eb455bdaa2fcb8d4dad22e80b8afb4798b41479d5ce26847f
      url: "https://pub.dev"
    source: hosted
    version: "6.0.5"
  pub_semver:
    dependency: transitive
    description:
      name: pub_semver
      sha256: "40d3ab1bbd474c4c2328c91e3a7df8c6dd629b79ece4c4bd04bee496a224fb0c"
      url: "https://pub.dev"
    source: hosted
    version: "2.1.4"
  qr:
    dependency: transitive
    description:
      name: qr
      sha256: "64957a3930367bf97cc211a5af99551d630f2f4625e38af10edd6b19131b64b3"
      url: "https://pub.dev"
    source: hosted
    version: "3.0.1"
  qr_flutter:
    dependency: "direct main"
    description:
      name: qr_flutter
      sha256: "5095f0fc6e3f71d08adef8feccc8cea4f12eec18a2e31c2e8d82cb6019f4b097"
      url: "https://pub.dev"
    source: hosted
    version: "4.1.0"
  restart_app:
    dependency: "direct main"
    description:
      name: restart_app
      sha256: b37daeb1c02fcab30e19d9e30b6fdd215bd53577efd927042eb77cf6f09daadb
      url: "https://pub.dev"
    source: hosted
    version: "1.2.1"
  rxdart:
    dependency: transitive
    description:
      name: rxdart
      sha256: "0c7c0cedd93788d996e33041ffecda924cc54389199cde4e6a34b440f50044cb"
      url: "https://pub.dev"
    source: hosted
    version: "0.27.7"
  screen_retriever:
    dependency: transitive
    description:
      name: screen_retriever
      sha256: "4931f226ca158123ccd765325e9fbf360bfed0af9b460a10f960f9bb13d58323"
      url: "https://pub.dev"
    source: hosted
    version: "0.1.6"
  scrollable_positioned_list:
    dependency: "direct main"
    description:
      name: scrollable_positioned_list
      sha256: "1b54d5f1329a1e263269abc9e2543d90806131aa14fe7c6062a8054d57249287"
      url: "https://pub.dev"
    source: hosted
    version: "0.3.8"
  share_plus:
    dependency: "direct main"
    description:
      name: share_plus
      sha256: "3ef39599b00059db0990ca2e30fca0a29d8b37aae924d60063f8e0184cf20900"
      url: "https://pub.dev"
    source: hosted
    version: "7.2.2"
  share_plus_platform_interface:
    dependency: transitive
    description:
      name: share_plus_platform_interface
      sha256: df08bc3a07d01f5ea47b45d03ffcba1fa9cd5370fb44b3f38c70e42cced0f956
      url: "https://pub.dev"
    source: hosted
    version: "3.3.1"
  shared_preferences:
    dependency: "direct main"
    description:
      name: shared_preferences
      sha256: "0344316c947ffeb3a529eac929e1978fcd37c26be4e8468628bac399365a3ca1"
      url: "https://pub.dev"
    source: hosted
    version: "2.2.0"
  shared_preferences_android:
    dependency: transitive
    description:
      name: shared_preferences_android
      sha256: fe8401ec5b6dcd739a0fe9588802069e608c3fdbfd3c3c93e546cf2f90438076
      url: "https://pub.dev"
    source: hosted
    version: "2.2.0"
  shared_preferences_foundation:
    dependency: transitive
    description:
      name: shared_preferences_foundation
      sha256: d29753996d8eb8f7619a1f13df6ce65e34bc107bef6330739ed76f18b22310ef
      url: "https://pub.dev"
    source: hosted
    version: "2.3.3"
  shared_preferences_linux:
    dependency: transitive
    description:
      name: shared_preferences_linux
      sha256: "71d6806d1449b0a9d4e85e0c7a917771e672a3d5dc61149cc9fac871115018e1"
      url: "https://pub.dev"
    source: hosted
    version: "2.3.0"
  shared_preferences_platform_interface:
    dependency: transitive
    description:
      name: shared_preferences_platform_interface
      sha256: "23b052f17a25b90ff2b61aad4cc962154da76fb62848a9ce088efe30d7c50ab1"
      url: "https://pub.dev"
    source: hosted
    version: "2.3.0"
  shared_preferences_web:
    dependency: transitive
    description:
      name: shared_preferences_web
      sha256: "7347b194fb0bbeb4058e6a4e87ee70350b6b2b90f8ac5f8bd5b3a01548f6d33a"
      url: "https://pub.dev"
    source: hosted
    version: "2.2.0"
  shared_preferences_windows:
    dependency: transitive
    description:
      name: shared_preferences_windows
      sha256: f95e6a43162bce43c9c3405f3eb6f39e5b5d11f65fab19196cf8225e2777624d
      url: "https://pub.dev"
    source: hosted
    version: "2.3.0"
  shelf:
    dependency: transitive
    description:
      name: shelf
      sha256: ad29c505aee705f41a4d8963641f91ac4cee3c8fad5947e033390a7bd8180fa4
      url: "https://pub.dev"
    source: hosted
    version: "1.4.1"
  shelf_web_socket:
    dependency: transitive
    description:
      name: shelf_web_socket
      sha256: "9ca081be41c60190ebcb4766b2486a7d50261db7bd0f5d9615f2d653637a84c1"
      url: "https://pub.dev"
    source: hosted
    version: "1.0.4"
  sidebarx:
    dependency: "direct main"
    description:
      name: sidebarx
      sha256: abe39d6db237fb8e25c600e8039ffab80fa7fe71acab03e9c378c31f912d2766
      url: "https://pub.dev"
    source: hosted
    version: "0.17.1"
  sky_engine:
    dependency: transitive
    description: flutter
    source: sdk
    version: "0.0.99"
  source_span:
    dependency: transitive
    description:
      name: source_span
      sha256: "53e943d4206a5e30df338fd4c6e7a077e02254531b138a15aec3bd143c1a8b3c"
      url: "https://pub.dev"
    source: hosted
    version: "1.10.0"
  sprintf:
    dependency: transitive
    description:
      name: sprintf
      sha256: "1fc9ffe69d4df602376b52949af107d8f5703b77cda567c4d7d86a0693120f23"
      url: "https://pub.dev"
    source: hosted
    version: "7.0.0"
  stack_trace:
    dependency: transitive
    description:
      name: stack_trace
      sha256: "73713990125a6d93122541237550ee3352a2d84baad52d375a4cad2eb9b7ce0b"
      url: "https://pub.dev"
    source: hosted
    version: "1.11.1"
  stream_channel:
    dependency: transitive
    description:
      name: stream_channel
      sha256: ba2aa5d8cc609d96bbb2899c28934f9e1af5cddbd60a827822ea467161eb54e7
      url: "https://pub.dev"
    source: hosted
    version: "2.1.2"
  string_scanner:
    dependency: transitive
    description:
      name: string_scanner
      sha256: "556692adab6cfa87322a115640c11f13cb77b3f076ddcc5d6ae3c20242bedcde"
      url: "https://pub.dev"
    source: hosted
    version: "1.2.0"
  synchronized:
    dependency: transitive
    description:
      name: synchronized
      sha256: "539ef412b170d65ecdafd780f924e5be3f60032a1128df156adad6c5b373d558"
      url: "https://pub.dev"
    source: hosted
    version: "3.1.0+1"
  term_glyph:
    dependency: transitive
    description:
      name: term_glyph
      sha256: a29248a84fbb7c79282b40b8c72a1209db169a2e0542bce341da992fe1bc7e84
      url: "https://pub.dev"
    source: hosted
    version: "1.2.1"
  test_api:
    dependency: transitive
    description:
      name: test_api
      sha256: "9955ae474176f7ac8ee4e989dadfb411a58c30415bcfb648fa04b2b8a03afa7f"
      url: "https://pub.dev"
    source: hosted
    version: "0.7.0"
  timezone:
    dependency: transitive
    description:
      name: timezone
      sha256: "1cfd8ddc2d1cfd836bc93e67b9be88c3adaeca6f40a00ca999104c30693cdca0"
      url: "https://pub.dev"
    source: hosted
    version: "0.9.2"
  tuple:
    dependency: "direct main"
    description:
      name: tuple
      sha256: a97ce2013f240b2f3807bcbaf218765b6f301c3eff91092bcfa23a039e7dd151
      url: "https://pub.dev"
    source: hosted
    version: "2.0.2"
  typed_data:
    dependency: transitive
    description:
      name: typed_data
      sha256: facc8d6582f16042dd49f2463ff1bd6e2c9ef9f3d5da3d9b087e244a7b564b3c
      url: "https://pub.dev"
    source: hosted
    version: "1.3.2"
  url_launcher:
    dependency: "direct main"
    description:
      name: url_launcher
      sha256: "0ecc004c62fd3ed36a2ffcbe0dd9700aee63bd7532d0b642a488b1ec310f492e"
      url: "https://pub.dev"
    source: hosted
    version: "6.2.5"
  url_launcher_android:
    dependency: transitive
    description:
      name: url_launcher_android
      sha256: "507dc655b1d9cb5ebc756032eb785f114e415f91557b73bf60b7e201dfedeb2f"
      url: "https://pub.dev"
    source: hosted
    version: "6.2.2"
  url_launcher_ios:
    dependency: transitive
    description:
      name: url_launcher_ios
      sha256: "9149d493b075ed740901f3ee844a38a00b33116c7c5c10d7fb27df8987fb51d5"
      url: "https://pub.dev"
    source: hosted
    version: "6.2.5"
  url_launcher_linux:
    dependency: transitive
    description:
      name: url_launcher_linux
      sha256: ab360eb661f8879369acac07b6bb3ff09d9471155357da8443fd5d3cf7363811
      url: "https://pub.dev"
    source: hosted
    version: "3.1.1"
  url_launcher_macos:
    dependency: transitive
    description:
      name: url_launcher_macos
      sha256: b7244901ea3cf489c5335bdacda07264a6e960b1c1b1a9f91e4bc371d9e68234
      url: "https://pub.dev"
    source: hosted
    version: "3.1.0"
  url_launcher_platform_interface:
    dependency: transitive
    description:
      name: url_launcher_platform_interface
      sha256: "4aca1e060978e19b2998ee28503f40b5ba6226819c2b5e3e4d1821e8ccd92198"
      url: "https://pub.dev"
    source: hosted
    version: "2.3.0"
  url_launcher_web:
    dependency: transitive
    description:
      name: url_launcher_web
      sha256: "3692a459204a33e04bc94f5fb91158faf4f2c8903281ddd82915adecdb1a901d"
      url: "https://pub.dev"
    source: hosted
    version: "2.3.0"
  url_launcher_windows:
    dependency: transitive
    description:
      name: url_launcher_windows
      sha256: ecf9725510600aa2bb6d7ddabe16357691b6d2805f66216a97d1b881e21beff7
      url: "https://pub.dev"
    source: hosted
    version: "3.1.1"
  uuid:
    dependency: transitive
    description:
      name: uuid
      sha256: cd210a09f7c18cbe5a02511718e0334de6559871052c90a90c0cca46a4aa81c8
      url: "https://pub.dev"
    source: hosted
    version: "4.3.3"
  vector_graphics:
    dependency: transitive
    description:
      name: vector_graphics
      sha256: "670f6e07aca990b4a2bcdc08a784193c4ccdd1932620244c3a86bb72a0eac67f"
      url: "https://pub.dev"
    source: hosted
    version: "1.1.7"
  vector_graphics_codec:
    dependency: transitive
    description:
      name: vector_graphics_codec
      sha256: "7451721781d967db9933b63f5733b1c4533022c0ba373a01bdd79d1a5457f69f"
      url: "https://pub.dev"
    source: hosted
    version: "1.1.7"
  vector_graphics_compiler:
    dependency: transitive
    description:
      name: vector_graphics_compiler
      sha256: "80a13c613c8bde758b1464a1755a7b3a8f2b6cec61fbf0f5a53c94c30f03ba2e"
      url: "https://pub.dev"
    source: hosted
    version: "1.1.7"
  vector_math:
    dependency: transitive
    description:
      name: vector_math
      sha256: "80b3257d1492ce4d091729e3a67a60407d227c27241d6927be0130c98e741803"
      url: "https://pub.dev"
    source: hosted
    version: "2.1.4"
  video_player:
    dependency: "direct main"
    description:
      name: video_player
      sha256: "3fd106c74da32f336dc7feb65021da9b0207cb3124392935f1552834f7cce822"
      url: "https://pub.dev"
    source: hosted
    version: "2.7.0"
  video_player_android:
    dependency: transitive
    description:
      name: video_player_android
      sha256: f338a5a396c845f4632959511cad3542cdf3167e1b2a1a948ef07f7123c03608
      url: "https://pub.dev"
    source: hosted
    version: "2.4.9"
  video_player_avfoundation:
    dependency: transitive
    description:
      name: video_player_avfoundation
      sha256: f5f5b7fe8c865be8a57fe80c2dca130772e1db775b7af4e5c5aa1905069cfc6c
      url: "https://pub.dev"
    source: hosted
    version: "2.4.9"
  video_player_platform_interface:
    dependency: transitive
    description:
      name: video_player_platform_interface
      sha256: "1ca9acd7a0fb15fb1a990cb554e6f004465c6f37c99d2285766f08a4b2802988"
      url: "https://pub.dev"
    source: hosted
    version: "6.2.0"
  video_player_web:
    dependency: transitive
    description:
      name: video_player_web
      sha256: "44ce41424d104dfb7cf6982cc6b84af2b007a24d126406025bf40de5d481c74c"
      url: "https://pub.dev"
    source: hosted
    version: "2.0.16"
  vm_service:
    dependency: transitive
    description:
      name: vm_service
      sha256: "3923c89304b715fb1eb6423f017651664a03bf5f4b29983627c4da791f74a4ec"
      url: "https://pub.dev"
    source: hosted
    version: "14.2.1"
  web:
    dependency: transitive
    description:
      name: web
      sha256: "97da13628db363c635202ad97068d47c5b8aa555808e7a9411963c533b449b27"
      url: "https://pub.dev"
    source: hosted
    version: "0.5.1"
  web_socket_channel:
    dependency: transitive
    description:
      name: web_socket_channel
      sha256: d88238e5eac9a42bb43ca4e721edba3c08c6354d4a53063afaa568516217621b
      url: "https://pub.dev"
    source: hosted
    version: "2.4.0"
  win32:
    dependency: transitive
    description:
      name: win32
      sha256: b0f37db61ba2f2e9b7a78a1caece0052564d1bc70668156cf3a29d676fe4e574
      url: "https://pub.dev"
    source: hosted
    version: "5.1.1"
  window_manager:
    dependency: "direct main"
    description:
      name: window_manager
      sha256: "9eef00e393e7f9308309ce9a8b2398c9ee3ca78b50c96e8b4f9873945693ac88"
      url: "https://pub.dev"
    source: hosted
    version: "0.3.5"
  xdg_directories:
    dependency: transitive
    description:
      name: xdg_directories
      sha256: f0c26453a2d47aa4c2570c6a033246a3fc62da2fe23c7ffdd0a7495086dc0247
      url: "https://pub.dev"
    source: hosted
    version: "1.0.2"
  xml:
    dependency: transitive
    description:
      name: xml
      sha256: "5bc72e1e45e941d825fd7468b9b4cc3b9327942649aeb6fc5cdbf135f0a86e84"
      url: "https://pub.dev"
    source: hosted
    version: "6.3.0"
  yaml:
    dependency: transitive
    description:
      name: yaml
      sha256: "75769501ea3489fca56601ff33454fe45507ea3bfb014161abc3b43ae25989d5"
      url: "https://pub.dev"
    source: hosted
    version: "3.1.2"
sdks:
  dart: ">=3.4.0 <4.0.0"
  flutter: ">=3.22.0"
