PODS:
  - FlutterMacOS (1.0.0)
  - golib_plugin (0.0.1):
    - FlutterMacOS
  - path_provider_foundation (0.0.1):
    - Flutter
    - FlutterMacOS

DEPENDENCIES:
  - FlutterMacOS (from `Flutter/ephemeral`)
  - golib_plugin (from `Flutter/ephemeral/.symlinks/plugins/golib_plugin/macos`)
  - path_provider_foundation (from `Flutter/ephemeral/.symlinks/plugins/path_provider_foundation/darwin`)

EXTERNAL SOURCES:
  FlutterMacOS:
    :path: Flutter/ephemeral
  golib_plugin:
    :path: Flutter/ephemeral/.symlinks/plugins/golib_plugin/macos
  path_provider_foundation:
    :path: Flutter/ephemeral/.symlinks/plugins/path_provider_foundation/darwin

SPEC CHECKSUMS:
  FlutterMacOS: 8f6f14fa908a6fb3fba0cd85dbd81ec4b251fb24
  golib_plugin: de2bc86bb31074cedbbfee2cdfe0effe2e208738
  path_provider_foundation: 37748e03f12783f9de2cb2c4eadfaa25fe6d4852

PODFILE CHECKSUM: 353c8bcc5d5b0994e508d035b5431cfe18c1dea7

COCOAPODS: 1.12.1
